// !$*UTF8*$!
{
	archiveVersion = 1;
	classes = {
	};
	objectVersion = 46;
	objects = {

/* Begin PBXBuildFile section */
		8E74B5F51C43734D004B926B /* AppDelegate.swift in Sources */ = {isa = PBXBuildFile; fileRef = 8E74B5F41C43734D004B926B /* AppDelegate.swift */; };
		8E74B5F71C43734D004B926B /* ViewController.swift in Sources */ = {isa = PBXBuildFile; fileRef = 8E74B5F61C43734D004B926B /* ViewController.swift */; };
		8E74B5FA1C43734D004B926B /* Main.storyboard in Resources */ = {isa = PBXBuildFile; fileRef = 8E74B5F81C43734D004B926B /* Main.storyboard */; };
		8E74B5FC1C43734D004B926B /* Assets.xcassets in Resources */ = {isa = PBXBuildFile; fileRef = 8E74B5FB1C43734D004B926B /* Assets.xcassets */; };
		8E74B5FF1C43734D004B926B /* LaunchScreen.storyboard in Resources */ = {isa = PBXBuildFile; fileRef = 8E74B5FD1C43734D004B926B /* LaunchScreen.storyboard */; };
		8E74B60A1C43771C004B926B /* FallView.swift in Sources */ = {isa = PBXBuildFile; fileRef = 8E74B6091C43771C004B926B /* FallView.swift */; };
		8E74B60C1C437BA5004B926B /* FallItem.swift in Sources */ = {isa = PBXBuildFile; fileRef = 8E74B60B1C437BA5004B926B /* FallItem.swift */; };
/* End PBXBuildFile section */

/* Begin PBXFileReference section */
		8E74B5F11C43734D004B926B /* HTFall.app */ = {isa = PBXFileReference; explicitFileType = wrapper.application; includeInIndex = 0; path = HTFall.app; sourceTree = BUILT_PRODUCTS_DIR; };
		8E74B5F41C43734D004B926B /* AppDelegate.swift */ = {isa = PBXFileReference; lastKnownFileType = sourcecode.swift; path = AppDelegate.swift; sourceTree = "<group>"; };
		8E74B5F61C43734D004B926B /* ViewController.swift */ = {isa = PBXFileReference; lastKnownFileType = sourcecode.swift; path = ViewController.swift; sourceTree = "<group>"; };
		8E74B5F91C43734D004B926B /* Base */ = {isa = PBXFileReference; lastKnownFileType = file.storyboard; name = Base; path = Base.lproj/Main.storyboard; sourceTree = "<group>"; };
		8E74B5FB1C43734D004B926B /* Assets.xcassets */ = {isa = PBXFileReference; lastKnownFileType = folder.assetcatalog; path = Assets.xcassets; sourceTree = "<group>"; };
		8E74B5FE1C43734D004B926B /* Base */ = {isa = PBXFileReference; lastKnownFileType = file.storyboard; name = Base; path = Base.lproj/LaunchScreen.storyboard; sourceTree = "<group>"; };
		8E74B6001C43734D004B926B /* Info.plist */ = {isa = PBXFileReference; lastKnownFileType = text.plist.xml; path = Info.plist; sourceTree = "<group>"; };
		8E74B6091C43771C004B926B /* FallView.swift */ = {isa = PBXFileReference; fileEncoding = 4; lastKnownFileType = sourcecode.swift; path = FallView.swift; sourceTree = "<group>"; };
		8E74B60B1C437BA5004B926B /* FallItem.swift */ = {isa = PBXFileReference; fileEncoding = 4; lastKnownFileType = sourcecode.swift; path = FallItem.swift; sourceTree = "<group>"; };
/* End PBXFileReference section */

/* Begin PBXFrameworksBuildPhase section */
		8E74B5EE1C43734D004B926B /* Frameworks */ = {
			isa = PBXFrameworksBuildPhase;
			buildActionMask = 2147483647;
			files = (
			);
			runOnlyForDeploymentPostprocessing = 0;
		};
/* End PBXFrameworksBuildPhase section */

/* Begin PBXGroup section */
		8E74B5E81C43734D004B926B = {
			isa = PBXGroup;
			children = (
				8E74B5F31C43734D004B926B /* HTFall */,
				8E74B5F21C43734D004B926B /* Products */,
			);
			sourceTree = "<group>";
		};
		8E74B5F21C43734D004B926B /* Products */ = {
			isa = PBXGroup;
			children = (
				8E74B5F11C43734D004B926B /* HTFall.app */,
			);
			name = Products;
			sourceTree = "<group>";
		};
		8E74B5F31C43734D004B926B /* HTFall */ = {
			isa = PBXGroup;
			children = (
				8E74B6061C4375BE004B926B /* views */,
				8E74B5F41C43734D004B926B /* AppDelegate.swift */,
				8E74B5F61C43734D004B926B /* ViewController.swift */,
				8E74B5F81C43734D004B926B /* Main.storyboard */,
				8E74B5FB1C43734D004B926B /* Assets.xcassets */,
				8E74B5FD1C43734D004B926B /* LaunchScreen.storyboard */,
				8E74B6001C43734D004B926B /* Info.plist */,
			);
			path = HTFall;
			sourceTree = "<group>";
		};
		8E74B6061C4375BE004B926B /* views */ = {
			isa = PBXGroup;
			children = (
				8E74B6091C43771C004B926B /* FallView.swift */,
				8E74B60B1C437BA5004B926B /* FallItem.swift */,
			);
			path = views;
			sourceTree = "<group>";
		};
/* End PBXGroup section */

/* Begin PBXNativeTarget section */
		8E74B5F01C43734D004B926B /* HTFall */ = {
			isa = PBXNativeTarget;
			buildConfigurationList = 8E74B6031C43734D004B926B /* Build configuration list for PBXNativeTarget "HTFall" */;
			buildPhases = (
				8E74B5ED1C43734D004B926B /* Sources */,
				8E74B5EE1C43734D004B926B /* Frameworks */,
				8E74B5EF1C43734D004B926B /* Resources */,
			);
			buildRules = (
			);
			dependencies = (
			);
			name = HTFall;
			productName = HTFall;
			productReference = 8E74B5F11C43734D004B926B /* HTFall.app */;
			productType = "com.apple.product-type.application";
		};
/* End PBXNativeTarget section */

/* Begin PBXProject section */
		8E74B5E91C43734D004B926B /* Project object */ = {
			isa = PBXProject;
			attributes = {
				LastSwiftUpdateCheck = 0720;
				LastUpgradeCheck = 0720;
				ORGANIZATIONNAME = ht;
				TargetAttributes = {
					8E74B5F01C43734D004B926B = {
						CreatedOnToolsVersion = 7.2;
					};
				};
			};
			buildConfigurationList = 8E74B5EC1C43734D004B926B /* Build configuration list for PBXProject "HTFall" */;
			compatibilityVersion = "Xcode 3.2";
			developmentRegion = English;
			hasScannedForEncodings = 0;
			knownRegions = (
				en,
				Base,
			);
			mainGroup = 8E74B5E81C43734D004B926B;
			productRefGroup = 8E74B5F21C43734D004B926B /* Products */;
			projectDirPath = "";
			projectRoot = "";
			targets = (
				8E74B5F01C43734D004B926B /* HTFall */,
			);
		};
/* End PBXProject section */

/* Begin PBXResourcesBuildPhase section */
		8E74B5EF1C43734D004B926B /* Resources */ = {
			isa = PBXResourcesBuildPhase;
			buildActionMask = 2147483647;
			files = (
				8E74B5FF1C43734D004B926B /* LaunchScreen.storyboard in Resources */,
				8E74B5FC1C43734D004B926B /* Assets.xcassets in Resources */,
				8E74B5FA1C43734D004B926B /* Main.storyboard in Resources */,
			);
			runOnlyForDeploymentPostprocessing = 0;
		};
/* End PBXResourcesBuildPhase section */

/* Begin PBXSourcesBuildPhase section */
		8E74B5ED1C43734D004B926B /* Sources */ = {
			isa = PBXSourcesBuildPhase;
			buildActionMask = 2147483647;
			files = (
				8E74B5F71C43734D004B926B /* ViewController.swift in Sources */,
				8E74B5F51C43734D004B926B /* AppDelegate.swift in Sources */,
				8E74B60A1C43771C004B926B /* FallView.swift in Sources */,
				8E74B60C1C437BA5004B926B /* FallItem.swift in Sources */,
			);
			runOnlyForDeploymentPostprocessing = 0;
		};
/* End PBXSourcesBuildPhase section */

/* Begin PBXVariantGroup section */
		8E74B5F81C43734D004B926B /* Main.storyboard */ = {
			isa = PBXVariantGroup;
			children = (
				8E74B5F91C43734D004B926B /* Base */,
			);
			name = Main.storyboard;
			sourceTree = "<group>";
		};
		8E74B5FD1C43734D004B926B /* LaunchScreen.storyboard */ = {
			isa = PBXVariantGroup;
			children = (
				8E74B5FE1C43734D004B926B /* Base */,
			);
			name = LaunchScreen.storyboard;
			sourceTree = "<group>";
		};
/* End PBXVariantGroup section */

/* Begin XCBuildConfiguration section */
		8E74B6011C43734D004B926B /* Debug */ = {
			isa = XCBuildConfiguration;
			buildSettings = {
				ALWAYS_SEARCH_USER_PATHS = NO;
				CLANG_CXX_LANGUAGE_STANDARD = "gnu++0x";
				CLANG_CXX_LIBRARY = "libc++";
				CLANG_ENABLE_MODULES = YES;
				CLANG_ENABLE_OBJC_ARC = YES;
				CLANG_WARN_BOOL_CONVERSION = YES;
				CLANG_WARN_CONSTANT_CONVERSION = YES;
				CLANG_WARN_DIRECT_OBJC_ISA_USAGE = YES_ERROR;
				CLANG_WARN_EMPTY_BODY = YES;
				CLANG_WARN_ENUM_CONVERSION = YES;
				CLANG_WARN_INT_CONVERSION = YES;
				CLANG_WARN_OBJC_ROOT_CLASS = YES_ERROR;
				CLANG_WARN_UNREACHABLE_CODE = YES;
				CLANG_WARN__DUPLICATE_METHOD_MATCH = YES;
				"CODE_SIGN_IDENTITY[sdk=iphoneos*]" = "iPhone Developer";
				COPY_PHASE_STRIP = NO;
				DEBUG_INFORMATION_FORMAT = dwarf;
				ENABLE_STRICT_OBJC_MSGSEND = YES;
				ENABLE_TESTABILITY = YES;
				GCC_C_LANGUAGE_STANDARD = gnu99;
				GCC_DYNAMIC_NO_PIC = NO;
				GCC_NO_COMMON_BLOCKS = YES;
				GCC_OPTIMIZATION_LEVEL = 0;
				GCC_PREPROCESSOR_DEFINITIONS = (
					"DEBUG=1",
					"$(inherited)",
				);
				GCC_WARN_64_TO_32_BIT_CONVERSION = YES;
				GCC_WARN_ABOUT_RETURN_TYPE = YES_ERROR;
				GCC_WARN_UNDECLARED_SELECTOR = YES;
				GCC_WARN_UNINITIALIZED_AUTOS = YES_AGGRESSIVE;
				GCC_WARN_UNUSED_FUNCTION = YES;
				GCC_WARN_UNUSED_VARIABLE = YES;
				IPHONEOS_DEPLOYMENT_TARGET = 9.2;
				MTL_ENABLE_DEBUG_INFO = YES;
				ONLY_ACTIVE_ARCH = YES;
				SDKROOT = iphoneos;
				SWIFT_OPTIMIZATION_LEVEL = "-Onone";
			};
			name = Debug;
		};
		8E74B6021C43734D004B926B /* Release */ = {
			isa = XCBuildConfiguration;
			buildSettings = {
				ALWAYS_SEARCH_USER_PATHS = NO;
				CLANG_CXX_LANGUAGE_STANDARD = "gnu++0x";
				CLANG_CXX_LIBRARY = "libc++";
				CLANG_ENABLE_MODULES = YES;
				CLANG_ENABLE_OBJC_ARC = YES;
				CLANG_WARN_BOOL_CONVERSION = YES;
				CLANG_WARN_CONSTANT_CONVERSION = YES;
				CLANG_WARN_DIRECT_OBJC_ISA_USAGE = YES_ERROR;
				CLANG_WARN_EMPTY_BODY = YES;
				CLANG_WARN_ENUM_CONVERSION = YES;
				CLANG_WARN_INT_CONVERSION = YES;
				CLANG_WARN_OBJC_ROOT_CLASS = YES_ERROR;
				CLANG_WARN_UNREACHABLE_CODE = YES;
				CLANG_WARN__DUPLICATE_METHOD_MATCH = YES;
				"CODE_SIGN_IDENTITY[sdk=iphoneos*]" = "iPhone Developer";
				COPY_PHASE_STRIP = NO;
				DEBUG_INFORMATION_FORMAT = "dwarf-with-dsym";
				ENABLE_NS_ASSERTIONS = NO;
				ENABLE_STRICT_OBJC_MSGSEND = YES;
				GCC_C_LANGUAGE_STANDARD = gnu99;
				GCC_NO_COMMON_BLOCKS = YES;
				GCC_WARN_64_TO_32_BIT_CONVERSION = YES;
				GCC_WARN_ABOUT_RETURN_TYPE = YES_ERROR;
				GCC_WARN_UNDECLARED_SELECTOR = YES;
				GCC_WARN_UNINITIALIZED_AUTOS = YES_AGGRESSIVE;
				GCC_WARN_UNUSED_FUNCTION = YES;
				GCC_WARN_UNUSED_VARIABLE = YES;
				IPHONEOS_DEPLOYMENT_TARGET = 9.2;
				MTL_ENABLE_DEBUG_INFO = NO;
				SDKROOT = iphoneos;
				VALIDATE_PRODUCT = YES;
			};
			name = Release;
		};
		8E74B6041C43734D004B926B /* Debug */ = {
			isa = XCBuildConfiguration;
			buildSettings = {
				ASSETCATALOG_COMPILER_APPICON_NAME = AppIcon;
				CODE_SIGN_IDENTITY = "iPhone Developer";
				INFOPLIST_FILE = HTFall/Info.plist;
				LD_RUNPATH_SEARCH_PATHS = "$(inherited) @executable_path/Frameworks";
				PRODUCT_BUNDLE_IDENTIFIER = com.hiao.HTFall;
				PRODUCT_NAME = "$(TARGET_NAME)";
			};
			name = Debug;
		};
		8E74B6051C43734D004B926B /* Release */ = {
			isa = XCBuildConfiguration;
			buildSettings = {
				ASSETCATALOG_COMPILER_APPICON_NAME = AppIcon;
				CODE_SIGN_IDENTITY = "iPhone Developer";
				INFOPLIST_FILE = HTFall/Info.plist;
				LD_RUNPATH_SEARCH_PATHS = "$(inherited) @executable_path/Frameworks";
				PRODUCT_BUNDLE_IDENTIFIER = com.hiao.HTFall;
				PRODUCT_NAME = "$(TARGET_NAME)";
			};
			name = Release;
		};
/* End XCBuildConfiguration section */

/* Begin XCConfigurationList section */
		8E74B5EC1C43734D004B926B /* Build configuration list for PBXProject "HTFall" */ = {
			isa = XCConfigurationList;
			buildConfigurations = (
				8E74B6011C43734D004B926B /* Debug */,
				8E74B6021C43734D004B926B /* Release */,
			);
			defaultConfigurationIsVisible = 0;
			defaultConfigurationName = Release;
		};
		8E74B6031C43734D004B926B /* Build configuration list for PBXNativeTarget "HTFall" */ = {
			isa = XCConfigurationList;
			buildConfigurations = (
				8E74B6041C43734D004B926B /* Debug */,
				8E74B6051C43734D004B926B /* Release */,
			);
			defaultConfigurationIsVisible = 0;
		};
/* End XCConfigurationList section */
	};
	rootObject = 8E74B5E91C43734D004B926B /* Project object */;
}
